
Microsoft Visual Studio Solution File, Format Version 12.00
# Visual Studio 15
VisualStudioVersion = 15.0.28307.1778
MinimumVisualStudioVersion = 10.0.40219.1
Project("{FAE04EC0-301F-11D3-BF4B-00C04F79EFBC}") = "apriori", "apriori\apriori.csproj", "{F37CA4B1-0DEA-453C-856D-B83C0132B054}"
EndProject
Global
	GlobalSection(SolutionConfigurationPlatforms) = preSolution
		Debug|Any CPU = Debug|Any CPU
		Release|Any CPU = Release|Any CPU
	EndGlobalSection
	GlobalSection(ProjectConfigurationPlatforms) = postSolution
		{F37CA4B1-0DEA-453C-856D-B83C0132B054}.Debug|Any CPU.ActiveCfg = Debug|Any CPU
		{F37CA4B1-0DEA-453C-856D-B83C0132B054}.Debug|Any CPU.Build.0 = Debug|Any CPU
		{F37CA4B1-0DEA-453C-856D-B83C0132B054}.Release|Any CPU.ActiveCfg = Release|Any CPU
		{F37CA4B1-0DEA-453C-856D-B83C0132B054}.Release|Any CPU.Build.0 = Release|Any CPU
	EndGlobalSection
	GlobalSection(SolutionProperties) = preSolution
		HideSolutionNode = FALSE
	EndGlobalSection
	GlobalSection(ExtensibilityGlobals) = postSolution
		SolutionGuid = {9396ED72-6A28-4B8F-A20E-0F514F1A76B8}
	EndGlobalSection
EndGlobal
